{
  "version": 2,
  "dependencies": {
    "net10.0": {
      "Microsoft.AspNetCore.OpenApi": {
        "type": "Direct",
        "requested": "[10.0.10, )",
        "resolved": "10.0.10",
        "contentHash": "d4Atx9IHq7JgX0F/h7Db+m9zAUzC+cKdI9k+OWnnyQIOUQtfvjIEuhvbjPigVMkAmPUgCbJ8Yp6M9ghUqHtJSQ==",
        "dependencies": {
          "Microsoft.OpenApi": "2.0.0"
        }
      },
      "Microsoft.OpenApi": {
        "type": "Direct",
        "requested": "[2.11.0, 3.0.0)",
        "resolved": "2.11.0",
        "contentHash": "/ignjfdeKT2SGLIR7QEv19KnI0rvoxRG/TYDOZdK9EsWLjKK9IK8i1Mo5NRm9PRV3i64DzlTqnIflWvoyfljLg=="
      },
      "Microsoft.Extensions.AI.Abstractions": {
        "type": "Transitive",
        "resolved": "10.8.3",
        "contentHash": "K0B05oApxmviWalNHPMBBcRC7erKiDATz3ENNR/jqTR9JwIwLRefgDhj2jCRwL1aca99pXUe0qyQC73/xIuZig=="
      },
      "ModelContextProtocol.Core": {
        "type": "Transitive",
        "resolved": "2.1.0",
        "contentHash": "cU/urrhRxE4/iSyBIJI7QOaFqSP1FOEnwEHsct9n6t6/XluCAFD9iqnrPkBAsEYr+f/G4tVQ21U+6wN/6fQvOg==",
        "dependencies": {
          "Microsoft.Extensions.AI.Abstractions": "10.8.3"
        }
      },
      "genaiplatform.application.agentic": {
        "type": "Project",
        "dependencies": {
          "FluentValidation": "[12.1.1, )",
          "FluentValidation.DependencyInjectionExtensions": "[12.1.1, )",
          "GenAIPlatform.Application.Core": "[1.0.0, )",
          "GenAIPlatform.Application.Generation": "[1.0.0, )",
          "GenAIPlatform.Domain": "[1.0.0, )"
        }
      },
      "genaiplatform.application.core": {
        "type": "Project",
        "dependencies": {
          "FluentValidation": "[12.1.1, )",
          "GenAIPlatform.Domain": "[1.0.0, )"
        }
      },
      "genaiplatform.application.evaluations": {
        "type": "Project",
        "dependencies": {
          "FluentValidation": "[12.1.1, )",
          "FluentValidation.DependencyInjectionExtensions": "[12.1.1, )",
          "GenAIPlatform.Application.Core": "[1.0.0, )",
          "GenAIPlatform.Application.Generation": "[1.0.0, )",
          "GenAIPlatform.Application.Knowledge": "[1.0.0, )",
          "GenAIPlatform.Domain": "[1.0.0, )"
        }
      },
      "genaiplatform.application.generation": {
        "type": "Project",
        "dependencies": {
          "FluentValidation": "[12.1.1, )",
          "FluentValidation.DependencyInjectionExtensions": "[12.1.1, )",
          "GenAIPlatform.Application.Core": "[1.0.0, )",
          "GenAIPlatform.Application.Knowledge": "[1.0.0, )",
          "GenAIPlatform.Domain": "[1.0.0, )"
        }
      },
      "genaiplatform.application.knowledge": {
        "type": "Project",
        "dependencies": {
          "FluentValidation": "[12.1.1, )",
          "FluentValidation.DependencyInjectionExtensions": "[12.1.1, )",
          "GenAIPlatform.Application.Core": "[1.0.0, )",
          "GenAIPlatform.Domain": "[1.0.0, )"
        }
      },
      "genaiplatform.application.usage": {
        "type": "Project",
        "dependencies": {
          "GenAIPlatform.Application.Core": "[1.0.0, )",
          "GenAIPlatform.Domain": "[1.0.0, )"
        }
      },
      "genaiplatform.domain": {
        "type": "Project"
      },
      "genaiplatform.infrastructure": {
        "type": "Project",
        "dependencies": {
          "GenAIPlatform.Application.Agentic": "[1.0.0, )",
          "GenAIPlatform.Application.Core": "[1.0.0, )",
          "GenAIPlatform.Application.Evaluations": "[1.0.0, )",
          "GenAIPlatform.Application.Generation": "[1.0.0, )",
          "GenAIPlatform.Application.Knowledge": "[1.0.0, )",
          "GenAIPlatform.Application.Usage": "[1.0.0, )",
          "GenAIPlatform.Domain": "[1.0.0, )",
          "ModelContextProtocol": "[2.1.0, )",
          "Npgsql": "[10.0.3, )",
          "Pgvector": "[0.3.2, )"
        }
      },
      "FluentValidation": {
        "type": "CentralTransitive",
        "requested": "[12.1.1, )",
        "resolved": "12.1.1",
        "contentHash": "EPpkIe1yh1a0OXyC100oOA8WMbZvqUu5plwhvYcb7oSELfyUZzfxV48BLhvs3kKo4NwG7MGLNgy1RJiYtT8Dpw=="
      },
      "FluentValidation.DependencyInjectionExtensions": {
        "type": "CentralTransitive",
        "requested": "[12.1.1, )",
        "resolved": "12.1.1",
        "contentHash": "D0VXh4dtjjX2aQizuaa0g6R8X3U1JaVqJPfGCvLwZX9t/O2h7tkpbitbadQMfwcgSPdDbI2vDxuwRMv/Uf9dHA==",
        "dependencies": {
          "FluentValidation": "12.1.1"
        }
      },
      "ModelContextProtocol": {
        "type": "CentralTransitive",
        "requested": "[2.1.0, )",
        "resolved": "2.1.0",
        "contentHash": "Oa4rU7EL9C2qyFjQj1dx+ysGMzfWDRpM8RRaUMmLGs5vPvfJ9xyz4ZtyF4ychY+Nx1b/auGCqIQLqSz/IpPkKA==",
        "dependencies": {
          "ModelContextProtocol.Core": "[2.1.0]"
        }
      },
      "Npgsql": {
        "type": "CentralTransitive",
        "requested": "[10.0.3, )",
        "resolved": "10.0.3",
        "contentHash": "7nb5YzXuvWWJxB0J8DiyL3we+X4FOctZrt0fIBnucOIaIevFEEwGQVZKtiu9olXdlNAK1eNgqSral6r/jlhI4w=="
      },
      "Pgvector": {
        "type": "CentralTransitive",
        "requested": "[0.3.2, )",
        "resolved": "0.3.2",
        "contentHash": "n7M5LuNejHUmtWky3zCbNO+tP1Gnjiuv9Qtu4LyvB1602dD8RiBxxCQp9jEjM0ZFDxAZF1oOWkNIkXw46KT00Q==",
        "dependencies": {
          "Npgsql": "8.0.5"
        }
      }
    }
  }
}