{
  "version": 1,
  "dependencies": {
    "net10.0": {
      "Microsoft.AspNetCore.OpenApi": {
        "type": "Direct",
        "requested": "[10.0.11, )",
        "resolved": "10.0.11",
        "contentHash": "R/1EATnPLU+gRfB6lwVkMcymmyAY5ppBBdRN/5lhNEiT3xP1sWccuSFkU/f1lQvN/WgRq5Vn8AhCdE3fqgsL/w==",
        "dependencies": {
          "Microsoft.OpenApi": "[2.7.5, 3.0.0)"
        }
      },
      "Microsoft.OpenApi": {
        "type": "Direct",
        "requested": "[2.12.2, 3.0.0)",
        "resolved": "2.12.2",
        "contentHash": "ZkT7qiJe0Kj0+DTZOZo+xrDy1kNmdsWFQVPIQLNx9ZJ0T9cB2LG7r+Bi60so8/+yg1nkS7QCPadrzsTG4VPKrA=="
      },
      "FluentValidation": {
        "type": "Transitive",
        "resolved": "12.1.1",
        "contentHash": "EPpkIe1yh1a0OXyC100oOA8WMbZvqUu5plwhvYcb7oSELfyUZzfxV48BLhvs3kKo4NwG7MGLNgy1RJiYtT8Dpw=="
      },
      "FluentValidation.DependencyInjectionExtensions": {
        "type": "Transitive",
        "resolved": "12.1.1",
        "contentHash": "D0VXh4dtjjX2aQizuaa0g6R8X3U1JaVqJPfGCvLwZX9t/O2h7tkpbitbadQMfwcgSPdDbI2vDxuwRMv/Uf9dHA==",
        "dependencies": {
          "FluentValidation": "12.1.1"
        }
      },
      "Microsoft.Extensions.AI.Abstractions": {
        "type": "Transitive",
        "resolved": "10.8.3",
        "contentHash": "K0B05oApxmviWalNHPMBBcRC7erKiDATz3ENNR/jqTR9JwIwLRefgDhj2jCRwL1aca99pXUe0qyQC73/xIuZig=="
      },
      "ModelContextProtocol": {
        "type": "Transitive",
        "resolved": "2.2.0",
        "contentHash": "4Pb9u02Nwsp0poueDsqNdyGRojFxOYpljB7zDBsq+aHL+Afou3OgxlBc3GWFVnsRMRJrUtWqDh3s6k2JgPzmrQ==",
        "dependencies": {
          "ModelContextProtocol.Core": "[2.2.0]"
        }
      },
      "ModelContextProtocol.Core": {
        "type": "Transitive",
        "resolved": "2.2.0",
        "contentHash": "FeBfXU6T8k+jw4afg4sfxdEX2rL/e5oKOk9ROOGztu9k47+7Bz08sdaToYt2XvMY1opNbwxYQOFMj6wH9TInhA==",
        "dependencies": {
          "Microsoft.Extensions.AI.Abstractions": "10.8.3"
        }
      },
      "Npgsql": {
        "type": "Transitive",
        "resolved": "10.0.3",
        "contentHash": "7nb5YzXuvWWJxB0J8DiyL3we+X4FOctZrt0fIBnucOIaIevFEEwGQVZKtiu9olXdlNAK1eNgqSral6r/jlhI4w=="
      },
      "Pgvector": {
        "type": "Transitive",
        "resolved": "0.3.2",
        "contentHash": "n7M5LuNejHUmtWky3zCbNO+tP1Gnjiuv9Qtu4LyvB1602dD8RiBxxCQp9jEjM0ZFDxAZF1oOWkNIkXw46KT00Q==",
        "dependencies": {
          "Npgsql": "8.0.5"
        }
      },
      "genaiplatform.application.agentic": {
        "type": "Project",
        "dependencies": {
          "FluentValidation": "[12.1.1, )",
          "FluentValidation.DependencyInjectionExtensions": "[12.1.1, )",
          "GenAIPlatform.Application.Core": "[1.0.0, )",
          "GenAIPlatform.Application.Generation": "[1.0.0, )",
          "GenAIPlatform.Domain": "[1.0.0, )"
        }
      },
      "genaiplatform.application.core": {
        "type": "Project",
        "dependencies": {
          "FluentValidation": "[12.1.1, )",
          "GenAIPlatform.Domain": "[1.0.0, )"
        }
      },
      "genaiplatform.application.evaluations": {
        "type": "Project",
        "dependencies": {
          "FluentValidation": "[12.1.1, )",
          "FluentValidation.DependencyInjectionExtensions": "[12.1.1, )",
          "GenAIPlatform.Application.Core": "[1.0.0, )",
          "GenAIPlatform.Application.Generation": "[1.0.0, )",
          "GenAIPlatform.Application.Knowledge": "[1.0.0, )",
          "GenAIPlatform.Domain": "[1.0.0, )"
        }
      },
      "genaiplatform.application.generation": {
        "type": "Project",
        "dependencies": {
          "FluentValidation": "[12.1.1, )",
          "FluentValidation.DependencyInjectionExtensions": "[12.1.1, )",
          "GenAIPlatform.Application.Core": "[1.0.0, )",
          "GenAIPlatform.Application.Knowledge": "[1.0.0, )",
          "GenAIPlatform.Domain": "[1.0.0, )"
        }
      },
      "genaiplatform.application.knowledge": {
        "type": "Project",
        "dependencies": {
          "FluentValidation": "[12.1.1, )",
          "FluentValidation.DependencyInjectionExtensions": "[12.1.1, )",
          "GenAIPlatform.Application.Core": "[1.0.0, )",
          "GenAIPlatform.Domain": "[1.0.0, )"
        }
      },
      "genaiplatform.application.usage": {
        "type": "Project",
        "dependencies": {
          "GenAIPlatform.Application.Core": "[1.0.0, )",
          "GenAIPlatform.Domain": "[1.0.0, )"
        }
      },
      "genaiplatform.domain": {
        "type": "Project"
      },
      "genaiplatform.infrastructure": {
        "type": "Project",
        "dependencies": {
          "GenAIPlatform.Application.Agentic": "[1.0.0, )",
          "GenAIPlatform.Application.Core": "[1.0.0, )",
          "GenAIPlatform.Application.Evaluations": "[1.0.0, )",
          "GenAIPlatform.Application.Generation": "[1.0.0, )",
          "GenAIPlatform.Application.Knowledge": "[1.0.0, )",
          "GenAIPlatform.Application.Usage": "[1.0.0, )",
          "GenAIPlatform.Domain": "[1.0.0, )",
          "ModelContextProtocol": "[2.2.0, )",
          "Npgsql": "[10.0.3, )",
          "Pgvector": "[0.3.2, )"
        }
      }
    }
  }
}